// !$*UTF8*$!
{
	archiveVersion = 1;
	classes = {
	};
	objectVersion = 56;
	objects = {

/* Begin PBXBuildFile section */
		A1000001 /* AppDelegate.swift in Sources */ = {isa = PBXBuildFile; fileRef = A1000000 /* AppDelegate.swift */; };
		A1000003 /* SceneDelegate.swift in Sources */ = {isa = PBXBuildFile; fileRef = A1000002 /* SceneDelegate.swift */; };
		A1000005 /* GameViewController.swift in Sources */ = {isa = PBXBuildFile; fileRef = A1000004 /* GameViewController.swift */; };
		A1000008 /* Main.storyboard in Resources */ = {isa = PBXBuildFile; fileRef = A1000006 /* Main.storyboard */; };
		A100000A /* Assets.xcassets in Resources */ = {isa = PBXBuildFile; fileRef = A1000009 /* Assets.xcassets */; };
		A100000D /* LaunchScreen.storyboard in Resources */ = {isa = PBXBuildFile; fileRef = A100000B /* LaunchScreen.storyboard */; };
		A1000018 /* GameScene.swift in Sources */ = {isa = PBXBuildFile; fileRef = A1000017 /* GameScene.swift */; };
		A100001A /* PlayerHelicopter.swift in Sources */ = {isa = PBXBuildFile; fileRef = A1000019 /* PlayerHelicopter.swift */; };
		A100001C /* Enemy.swift in Sources */ = {isa = PBXBuildFile; fileRef = A100001B /* Enemy.swift */; };
		A100001E /* Projectile.swift in Sources */ = {isa = PBXBuildFile; fileRef = A100001D /* Projectile.swift */; };
		A1000020 /* WeaponSystem.swift in Sources */ = {isa = PBXBuildFile; fileRef = A100001F /* WeaponSystem.swift */; };
		A1000022 /* Physics.swift in Sources */ = {isa = PBXBuildFile; fileRef = A1000021 /* Physics.swift */; };
		A1000024 /* InputManager.swift in Sources */ = {isa = PBXBuildFile; fileRef = A1000023 /* InputManager.swift */; };
		A1000026 /* CameraController.swift in Sources */ = {isa = PBXBuildFile; fileRef = A1000025 /* CameraController.swift */; };
		A1000028 /* ParticleEffects.swift in Sources */ = {isa = PBXBuildFile; fileRef = A1000027 /* ParticleEffects.swift */; };
		A100002A /* HUD.swift in Sources */ = {isa = PBXBuildFile; fileRef = A1000029 /* HUD.swift */; };
		A100002C /* MenuScene.swift in Sources */ = {isa = PBXBuildFile; fileRef = A100002B /* MenuScene.swift */; };
		A100002E /* LevelGenerator.swift in Sources */ = {isa = PBXBuildFile; fileRef = A100002D /* LevelGenerator.swift */; };
		A1000030 /* GameConstants.swift in Sources */ = {isa = PBXBuildFile; fileRef = A100002F /* GameConstants.swift */; };
		A1000032 /* AudioManager.swift in Sources */ = {isa = PBXBuildFile; fileRef = A1000031 /* AudioManager.swift */; };
/* End PBXBuildFile section */

/* Begin PBXFileReference section */
		A1FFFFFF /* CyberStrike.app */ = {isa = PBXFileReference; explicitFileType = wrapper.application; includeInIndex = 0; path = CyberStrike.app; sourceTree = BUILT_PRODUCTS_DIR; };
		A1000000 /* AppDelegate.swift */ = {isa = PBXFileReference; lastKnownFileType = sourcecode.swift; path = AppDelegate.swift; sourceTree = "<group>"; };
		A1000002 /* SceneDelegate.swift */ = {isa = PBXFileReference; lastKnownFileType = sourcecode.swift; path = SceneDelegate.swift; sourceTree = "<group>"; };
		A1000004 /* GameViewController.swift */ = {isa = PBXFileReference; lastKnownFileType = sourcecode.swift; path = GameViewController.swift; sourceTree = "<group>"; };
		A1000007 /* Base */ = {isa = PBXFileReference; lastKnownFileType = file.storyboard; name = Base; path = Base.lproj/Main.storyboard; sourceTree = "<group>"; };
		A1000009 /* Assets.xcassets */ = {isa = PBXFileReference; lastKnownFileType = folder.assetcatalog; path = Assets.xcassets; sourceTree = "<group>"; };
		A100000C /* Base */ = {isa = PBXFileReference; lastKnownFileType = file.storyboard; name = Base; path = Base.lproj/LaunchScreen.storyboard; sourceTree = "<group>"; };
		A100000E /* Info.plist */ = {isa = PBXFileReference; lastKnownFileType = text.plist.xml; path = Info.plist; sourceTree = "<group>"; };
		A1000017 /* GameScene.swift */ = {isa = PBXFileReference; lastKnownFileType = sourcecode.swift; path = GameScene.swift; sourceTree = "<group>"; };
		A1000019 /* PlayerHelicopter.swift */ = {isa = PBXFileReference; lastKnownFileType = sourcecode.swift; path = PlayerHelicopter.swift; sourceTree = "<group>"; };
		A100001B /* Enemy.swift */ = {isa = PBXFileReference; lastKnownFileType = sourcecode.swift; path = Enemy.swift; sourceTree = "<group>"; };
		A100001D /* Projectile.swift */ = {isa = PBXFileReference; lastKnownFileType = sourcecode.swift; path = Projectile.swift; sourceTree = "<group>"; };
		A100001F /* WeaponSystem.swift */ = {isa = PBXFileReference; lastKnownFileType = sourcecode.swift; path = WeaponSystem.swift; sourceTree = "<group>"; };
		A1000021 /* Physics.swift */ = {isa = PBXFileReference; lastKnownFileType = sourcecode.swift; path = Physics.swift; sourceTree = "<group>"; };
		A1000023 /* InputManager.swift */ = {isa = PBXFileReference; lastKnownFileType = sourcecode.swift; path = InputManager.swift; sourceTree = "<group>"; };
		A1000025 /* CameraController.swift */ = {isa = PBXFileReference; lastKnownFileType = sourcecode.swift; path = CameraController.swift; sourceTree = "<group>"; };
		A1000027 /* ParticleEffects.swift */ = {isa = PBXFileReference; lastKnownFileType = sourcecode.swift; path = ParticleEffects.swift; sourceTree = "<group>"; };
		A1000029 /* HUD.swift */ = {isa = PBXFileReference; lastKnownFileType = sourcecode.swift; path = HUD.swift; sourceTree = "<group>"; };
		A100002B /* MenuScene.swift */ = {isa = PBXFileReference; lastKnownFileType = sourcecode.swift; path = MenuScene.swift; sourceTree = "<group>"; };
		A100002D /* LevelGenerator.swift */ = {isa = PBXFileReference; lastKnownFileType = sourcecode.swift; path = LevelGenerator.swift; sourceTree = "<group>"; };
		A100002F /* GameConstants.swift */ = {isa = PBXFileReference; lastKnownFileType = sourcecode.swift; path = GameConstants.swift; sourceTree = "<group>"; };
		A1000031 /* AudioManager.swift */ = {isa = PBXFileReference; lastKnownFileType = sourcecode.swift; path = AudioManager.swift; sourceTree = "<group>"; };
/* End PBXFileReference section */

/* Begin PBXFrameworksBuildPhase section */
		A10000FC /* Frameworks */ = {
			isa = PBXFrameworksBuildPhase;
			buildActionMask = 2147483647;
			files = (
			);
			runOnlyForDeploymentPostprocessing = 0;
		};
/* End PBXFrameworksBuildPhase section */

/* Begin PBXGroup section */
		A10000F6 = {
			isa = PBXGroup;
			children = (
				A1000001 /* CyberStrike */,
				A1000000 /* Products */,
			);
			sourceTree = "<group>";
		};
		A1000000 /* Products */ = {
			isa = PBXGroup;
			children = (
				A1FFFFFF /* CyberStrike.app */,
			);
			name = Products;
			sourceTree = "<group>";
		};
		A1000001 /* CyberStrike */ = {
			isa = PBXGroup;
			children = (
				A1000014 /* Scenes */,
				A1000015 /* Entities */,
				A1000016 /* Systems */,
				A1000013 /* UI */,
				A1000012 /* Utils */,
				A1000000 /* AppDelegate.swift */,
				A1000002 /* SceneDelegate.swift */,
				A1000004 /* GameViewController.swift */,
				A1000006 /* Main.storyboard */,
				A1000009 /* Assets.xcassets */,
				A100000B /* LaunchScreen.storyboard */,
				A100000E /* Info.plist */,
			);
			path = CyberStrike;
			sourceTree = "<group>";
		};
		A1000012 /* Utils */ = {
			isa = PBXGroup;
			children = (
				A100002F /* GameConstants.swift */,
				A1000031 /* AudioManager.swift */,
			);
			path = Utils;
			sourceTree = "<group>";
		};
		A1000013 /* UI */ = {
			isa = PBXGroup;
			children = (
				A1000029 /* HUD.swift */,
			);
			path = UI;
			sourceTree = "<group>";
		};
		A1000014 /* Scenes */ = {
			isa = PBXGroup;
			children = (
				A1000017 /* GameScene.swift */,
				A100002B /* MenuScene.swift */,
			);
			path = Scenes;
			sourceTree = "<group>";
		};
		A1000015 /* Entities */ = {
			isa = PBXGroup;
			children = (
				A1000019 /* PlayerHelicopter.swift */,
				A100001B /* Enemy.swift */,
				A100001D /* Projectile.swift */,
			);
			path = Entities;
			sourceTree = "<group>";
		};
		A1000016 /* Systems */ = {
			isa = PBXGroup;
			children = (
				A100001F /* WeaponSystem.swift */,
				A1000021 /* Physics.swift */,
				A1000023 /* InputManager.swift */,
				A1000025 /* CameraController.swift */,
				A1000027 /* ParticleEffects.swift */,
				A100002D /* LevelGenerator.swift */,
			);
			path = Systems;
			sourceTree = "<group>";
		};
/* End PBXGroup section */

/* Begin PBXNativeTarget section */
		A10000FE /* CyberStrike */ = {
			isa = PBXNativeTarget;
			buildConfigurationList = A1000011 /* Build configuration list for PBXNativeTarget "CyberStrike" */;
			buildPhases = (
				A10000FB /* Sources */,
				A10000FC /* Frameworks */,
				A10000FD /* Resources */,
			);
			buildRules = (
			);
			dependencies = (
			);
			name = CyberStrike;
			productName = CyberStrike;
			productReference = A1FFFFFF /* CyberStrike.app */;
			productType = "com.apple.product-type.application";
		};
/* End PBXNativeTarget section */

/* Begin PBXProject section */
		A10000F7 /* Project object */ = {
			isa = PBXProject;
			attributes = {
				BuildIndependentTargetsInParallel = 1;
				LastSwiftUpdateCheck = 1500;
				LastUpgradeCheck = 1500;
				TargetAttributes = {
					A10000FE = {
						CreatedOnToolsVersion = 15.0;
					};
				};
			};
			buildConfigurationList = A10000FA /* Build configuration list for PBXProject "CyberStrike" */;
			compatibilityVersion = "Xcode 14.0";
			developmentRegion = en;
			hasScannedForEncodings = 0;
			knownRegions = (
				en,
				Base,
			);
			mainGroup = A10000F6;
			productRefGroup = A1000000 /* Products */;
			projectDirPath = "";
			projectRoot = "";
			targets = (
				A10000FE /* CyberStrike */,
			);
		};
/* End PBXProject section */

/* Begin PBXResourcesBuildPhase section */
		A10000FD /* Resources */ = {
			isa = PBXResourcesBuildPhase;
			buildActionMask = 2147483647;
			files = (
				A100000D /* LaunchScreen.storyboard in Resources */,
				A100000A /* Assets.xcassets in Resources */,
				A1000008 /* Main.storyboard in Resources */,
			);
			runOnlyForDeploymentPostprocessing = 0;
		};
/* End PBXResourcesBuildPhase section */

/* Begin PBXSourcesBuildPhase section */
		A10000FB /* Sources */ = {
			isa = PBXSourcesBuildPhase;
			buildActionMask = 2147483647;
			files = (
				A1000005 /* GameViewController.swift in Sources */,
				A1000001 /* AppDelegate.swift in Sources */,
				A1000018 /* GameScene.swift in Sources */,
				A100001A /* PlayerHelicopter.swift in Sources */,
				A100001C /* Enemy.swift in Sources */,
				A100001E /* Projectile.swift in Sources */,
				A1000020 /* WeaponSystem.swift in Sources */,
				A1000022 /* Physics.swift in Sources */,
				A1000024 /* InputManager.swift in Sources */,
				A1000026 /* CameraController.swift in Sources */,
				A1000028 /* ParticleEffects.swift in Sources */,
				A100002A /* HUD.swift in Sources */,
				A100002C /* MenuScene.swift in Sources */,
				A100002E /* LevelGenerator.swift in Sources */,
				A1000030 /* GameConstants.swift in Sources */,
				A1000032 /* AudioManager.swift in Sources */,
				A1000003 /* SceneDelegate.swift in Sources */,
			);
			runOnlyForDeploymentPostprocessing = 0;
		};
/* End PBXSourcesBuildPhase section */

/* Begin PBXVariantGroup section */
		A1000006 /* Main.storyboard */ = {
			isa = PBXVariantGroup;
			children = (
				A1000007 /* Base */,
			);
			name = Main.storyboard;
			sourceTree = "<group>";
		};
		A100000B /* LaunchScreen.storyboard */ = {
			isa = PBXVariantGroup;
			children = (
				A100000C /* Base */,
			);
			name = LaunchScreen.storyboard;
			sourceTree = "<group>";
		};
/* End PBXVariantGroup section */

/* Begin XCBuildConfiguration section */
		A100000F /* Debug */ = {
			isa = XCBuildConfiguration;
			buildSettings = {
				ALWAYS_SEARCH_USER_PATHS = NO;
				ASSETCATALOG_COMPILER_GENERATE_SWIFT_ASSET_SYMBOL_EXTENSIONS = YES;
				CLANG_ANALYZER_NONNULL = YES;
				CLANG_ANALYZER_NUMBER_OBJECT_CONVERSION = YES_AGGRESSIVE;
				CLANG_CXX_LANGUAGE_STANDARD = "gnu++20";
				CLANG_ENABLE_MODULES = YES;
				CLANG_ENABLE_OBJC_ARC = YES;
				CLANG_ENABLE_OBJC_WEAK = YES;
				CLANG_WARN_BLOCK_CAPTURE_AUTORELEASING = YES;
				CLANG_WARN_BOOL_CONVERSION = YES;
				CLANG_WARN_COMMA = YES;
				CLANG_WARN_CONSTANT_CONVERSION = YES;
				CLANG_WARN_DEPRECATED_OBJC_IMPLEMENTATIONS = YES;
				CLANG_WARN_DIRECT_OBJC_ISA_USAGE = YES_ERROR;
				CLANG_WARN_DOCUMENTATION_COMMENTS = YES;
				CLANG_WARN_EMPTY_BODY = YES;
				CLANG_WARN_ENUM_CONVERSION = YES;
				CLANG_WARN_INFINITE_RECURSION = YES;
				CLANG_WARN_INT_CONVERSION = YES;
				CLANG_WARN_NON_LITERAL_NULL_CONVERSION = YES;
				CLANG_WARN_OBJC_IMPLICIT_RETAIN_SELF = YES;
				CLANG_WARN_OBJC_LITERAL_CONVERSION = YES;
				CLANG_WARN_OBJC_ROOT_CLASS = YES_ERROR;
				CLANG_WARN_QUOTED_INCLUDE_IN_FRAMEWORK_HEADER = YES;
				CLANG_WARN_RANGE_LOOP_ANALYSIS = YES;
				CLANG_WARN_STRICT_PROTOTYPES = YES;
				CLANG_WARN_SUSPICIOUS_MOVE = YES;
				CLANG_WARN_UNGUARDED_AVAILABILITY = YES_AGGRESSIVE;
				CLANG_WARN_UNREACHABLE_CODE = YES;
				CLANG_WARN__DUPLICATE_METHOD_MATCH = YES;
				COPY_PHASE_STRIP = NO;
				DEBUG_INFORMATION_FORMAT = dwarf;
				ENABLE_STRICT_OBJC_MSGSEND = YES;
				ENABLE_TESTABILITY = YES;
				ENABLE_USER_SCRIPT_SANDBOXING = NO;
				GCC_C_LANGUAGE_STANDARD = gnu17;
				GCC_DYNAMIC_NO_PIC = NO;
				GCC_NO_COMMON_BLOCKS = YES;
				GCC_OPTIMIZATION_LEVEL = 0;
				GCC_PREPROCESSOR_DEFINITIONS = (
					"DEBUG=1",
					"$(inherited)",
				);
				GCC_WARN_64_TO_32_BIT_CONVERSION = YES;
				GCC_WARN_ABOUT_RETURN_TYPE = YES_ERROR;
				GCC_WARN_UNDECLARED_SELECTOR = YES;
				GCC_WARN_UNINITIALIZED_AUTOS = YES_AGGRESSIVE;
				GCC_WARN_UNUSED_FUNCTION = YES;
				GCC_WARN_UNUSED_VARIABLE = YES;
				IPHONEOS_DEPLOYMENT_TARGET = 15.0;
				LOCALIZATION_PREFERS_STRING_CATALOGS = YES;
				MTL_ENABLE_DEBUG_INFO = INCLUDE_SOURCE;
				MTL_FAST_MATH = YES;
				ONLY_ACTIVE_ARCH = YES;
				SDKROOT = iphoneos;
				SWIFT_ACTIVE_COMPILATION_CONDITIONS = "DEBUG $(inherited)";
				SWIFT_OPTIMIZATION_LEVEL = "-Onone";
			};
			name = Debug;
		};
		A1000010 /* Release */ = {
			isa = XCBuildConfiguration;
			buildSettings = {
				ALWAYS_SEARCH_USER_PATHS = NO;
				ASSETCATALOG_COMPILER_GENERATE_SWIFT_ASSET_SYMBOL_EXTENSIONS = YES;
				CLANG_ANALYZER_NONNULL = YES;
				CLANG_ANALYZER_NUMBER_OBJECT_CONVERSION = YES_AGGRESSIVE;
				CLANG_CXX_LANGUAGE_STANDARD = "gnu++20";
				CLANG_ENABLE_MODULES = YES;
				CLANG_ENABLE_OBJC_ARC = YES;
				CLANG_ENABLE_OBJC_WEAK = YES;
				CLANG_WARN_BLOCK_CAPTURE_AUTORELEASING = YES;
				CLANG_WARN_BOOL_CONVERSION = YES;
				CLANG_WARN_COMMA = YES;
				CLANG_WARN_CONSTANT_CONVERSION = YES;
				CLANG_WARN_DEPRECATED_OBJC_IMPLEMENTATIONS = YES;
				CLANG_WARN_DIRECT_OBJC_ISA_USAGE = YES_ERROR;
				CLANG_WARN_DOCUMENTATION_COMMENTS = YES;
				CLANG_WARN_EMPTY_BODY = YES;
				CLANG_WARN_ENUM_CONVERSION = YES;
				CLANG_WARN_INFINITE_RECURSION = YES;
				CLANG_WARN_INT_CONVERSION = YES;
				CLANG_WARN_NON_LITERAL_NULL_CONVERSION = YES;
				CLANG_WARN_OBJC_IMPLICIT_RETAIN_SELF = YES;
				CLANG_WARN_OBJC_LITERAL_CONVERSION = YES;
				CLANG_WARN_OBJC_ROOT_CLASS = YES_ERROR;
				CLANG_WARN_QUOTED_INCLUDE_IN_FRAMEWORK_HEADER = YES;
				CLANG_WARN_RANGE_LOOP_ANALYSIS = YES;
				CLANG_WARN_STRICT_PROTOTYPES = YES;
				CLANG_WARN_SUSPICIOUS_MOVE = YES;
				CLANG_WARN_UNGUARDED_AVAILABILITY = YES_AGGRESSIVE;
				CLANG_WARN_UNREACHABLE_CODE = YES;
				CLANG_WARN__DUPLICATE_METHOD_MATCH = YES;
				COPY_PHASE_STRIP = NO;
				DEBUG_INFORMATION_FORMAT = "dwarf-with-dsym";
				ENABLE_NS_ASSERTIONS = NO;
				ENABLE_STRICT_OBJC_MSGSEND = YES;
				ENABLE_USER_SCRIPT_SANDBOXING = NO;
				GCC_C_LANGUAGE_STANDARD = gnu17;
				GCC_NO_COMMON_BLOCKS = YES;
				GCC_WARN_64_TO_32_BIT_CONVERSION = YES;
				GCC_WARN_ABOUT_RETURN_TYPE = YES_ERROR;
				GCC_WARN_UNDECLARED_SELECTOR = YES;
				GCC_WARN_UNINITIALIZED_AUTOS = YES_AGGRESSIVE;
				GCC_WARN_UNUSED_FUNCTION = YES;
				GCC_WARN_UNUSED_VARIABLE = YES;
				IPHONEOS_DEPLOYMENT_TARGET = 15.0;
				LOCALIZATION_PREFERS_STRING_CATALOGS = YES;
				MTL_ENABLE_DEBUG_INFO = NO;
				MTL_FAST_MATH = YES;
				SDKROOT = iphoneos;
				SWIFT_COMPILATION_MODE = wholemodule;
				VALIDATE_PRODUCT = YES;
			};
			name = Release;
		};
		A1000012 /* Debug */ = {
			isa = XCBuildConfiguration;
			buildSettings = {
				ASSETCATALOG_COMPILER_APPICON_NAME = AppIcon;
				ASSETCATALOG_COMPILER_GLOBAL_ACCENT_COLOR_NAME = AccentColor;
				CODE_SIGN_STYLE = Automatic;
				CURRENT_PROJECT_VERSION = 1;
				DEVELOPMENT_TEAM = "";
				GENERATE_INFOPLIST_FILE = YES;
				INFOPLIST_FILE = CyberStrike/Info.plist;
				INFOPLIST_KEY_UIApplicationSupportsIndirectInputEvents = YES;
				INFOPLIST_KEY_UILaunchStoryboardName = LaunchScreen;
				INFOPLIST_KEY_UIMainStoryboardFile = Main;
				INFOPLIST_KEY_UIRequiredDeviceCapabilities = (
					armv7,
					gamekit,
				);
				INFOPLIST_KEY_UIStatusBarHidden = YES;
				INFOPLIST_KEY_UISupportedInterfaceOrientations = (
					UIInterfaceOrientationPortrait,
					UIInterfaceOrientationLandscapeLeft,
					UIInterfaceOrientationLandscapeRight,
				);
				INFOPLIST_KEY_UISupportedInterfaceOrientations_iPad = (
					UIInterfaceOrientationPortrait,
					UIInterfaceOrientationPortraitUpsideDown,
					UIInterfaceOrientationLandscapeLeft,
					UIInterfaceOrientationLandscapeRight,
				);
				IPHONEOS_DEPLOYMENT_TARGET = 15.0;
				LD_RUNPATH_SEARCH_PATHS = (
					"$(inherited)",
					"@executable_path/Frameworks",
				);
				MARKETING_VERSION = 1.0;
				PRODUCT_BUNDLE_IDENTIFIER = com.cyberstrike.game;
				PRODUCT_NAME = "$(TARGET_NAME)";
				SWIFT_EMIT_LOC_STRINGS = YES;
				SWIFT_VERSION = 5.0;
				TARGETED_DEVICE_FAMILY = "1,2";
			};
			name = Debug;
		};
		A1000013 /* Release */ = {
			isa = XCBuildConfiguration;
			buildSettings = {
				ASSETCATALOG_COMPILER_APPICON_NAME = AppIcon;
				ASSETCATALOG_COMPILER_GLOBAL_ACCENT_COLOR_NAME = AccentColor;
				CODE_SIGN_STYLE = Automatic;
				CURRENT_PROJECT_VERSION = 1;
				DEVELOPMENT_TEAM = "";
				GENERATE_INFOPLIST_FILE = YES;
				INFOPLIST_FILE = CyberStrike/Info.plist;
				INFOPLIST_KEY_UIApplicationSupportsIndirectInputEvents = YES;
				INFOPLIST_KEY_UILaunchStoryboardName = LaunchScreen;
				INFOPLIST_KEY_UIMainStoryboardFile = Main;
				INFOPLIST_KEY_UIRequiredDeviceCapabilities = (
					armv7,
					gamekit,
				);
				INFOPLIST_KEY_UIStatusBarHidden = YES;
				INFOPLIST_KEY_UISupportedInterfaceOrientations = (
					UIInterfaceOrientationPortrait,
					UIInterfaceOrientationLandscapeLeft,
					UIInterfaceOrientationLandscapeRight,
				);
				INFOPLIST_KEY_UISupportedInterfaceOrientations_iPad = (
					UIInterfaceOrientationPortrait,
					UIInterfaceOrientationPortraitUpsideDown,
					UIInterfaceOrientationLandscapeLeft,
					UIInterfaceOrientationLandscapeRight,
				);
				IPHONEOS_DEPLOYMENT_TARGET = 15.0;
				LD_RUNPATH_SEARCH_PATHS = (
					"$(inherited)",
					"@executable_path/Frameworks",
				);
				MARKETING_VERSION = 1.0;
				PRODUCT_BUNDLE_IDENTIFIER = com.cyberstrike.game;
				PRODUCT_NAME = "$(TARGET_NAME)";
				SWIFT_EMIT_LOC_STRINGS = YES;
				SWIFT_VERSION = 5.0;
				TARGETED_DEVICE_FAMILY = "1,2";
			};
			name = Release;
		};
/* End XCBuildConfiguration section */

/* Begin XCConfigurationList section */
		A10000FA /* Build configuration list for PBXProject "CyberStrike" */ = {
			isa = XCConfigurationList;
			buildConfigurations = (
				A100000F /* Debug */,
				A1000010 /* Release */,
			);
			defaultConfigurationIsVisible = 0;
			defaultConfigurationName = Release;
		};
		A1000011 /* Build configuration list for PBXNativeTarget "CyberStrike" */ = {
			isa = XCConfigurationList;
			buildConfigurations = (
				A1000012 /* Debug */,
				A1000013 /* Release */,
			);
			defaultConfigurationIsVisible = 0;
			defaultConfigurationName = Release;
		};
/* End XCConfigurationList section */
	};
	rootObject = A10000F7 /* Project object */;
}
